# THIS IS AN AUTOGENERATED FILE. DO NOT EDIT THIS FILE DIRECTLY.
# yarn lockfile v1


"@citizenfx/client@^2.0.6063-1":
  version "2.0.6063-1"
  resolved "https://registry.yarnpkg.com/@citizenfx/client/-/client-2.0.6063-1.tgz#ccab550a8792787e3a94691a0333c66ae4023c83"
  integrity sha512-GoorPVQ7M9OhEP/QarknzaTo/bGTWzakA3nBsOloXaGz1avkdwkrCAdaECdrO/0RaPCOPHKnUn98P+q2ODR/6w==

"@citizenfx/server@^2.0.6063-1":
  version "2.0.6063-1"
  resolved "https://registry.yarnpkg.com/@citizenfx/server/-/server-2.0.6063-1.tgz#9ef764941a683df48757cca4718ce598224c9440"
  integrity sha512-nirVP4Q2axhmEltlfyQbGs1t3WIW0Gkbd3aw54aXSEarlhFH9Ig/rVqzSgikrcU7oGpSTt7wpirW3nOdl+bolA==

"@esbuild/android-arm64@0.19.3":
  version "0.19.3"
  resolved "https://registry.yarnpkg.com/@esbuild/android-arm64/-/android-arm64-0.19.3.tgz#91a3b1b4a68c01ffdd5d8ffffb0a83178a366ae0"
  integrity sha512-w+Akc0vv5leog550kjJV9Ru+MXMR2VuMrui3C61mnysim0gkFCPOUTAfzTP0qX+HpN9Syu3YA3p1hf3EPqObRw==

"@esbuild/android-arm@0.19.3":
  version "0.19.3"
  resolved "https://registry.yarnpkg.com/@esbuild/android-arm/-/android-arm-0.19.3.tgz#08bd09f2ebc312422f4e94ae954821f9cf37b39e"
  integrity sha512-Lemgw4io4VZl9GHJmjiBGzQ7ONXRfRPHcUEerndjwiSkbxzrpq0Uggku5MxxrXdwJ+pTj1qyw4jwTu7hkPsgIA==

"@esbuild/android-x64@0.19.3":
  version "0.19.3"
  resolved "https://registry.yarnpkg.com/@esbuild/android-x64/-/android-x64-0.19.3.tgz#b1dffec99ed5505fc57561e8758b449dba4924fe"
  integrity sha512-FKQJKkK5MXcBHoNZMDNUAg1+WcZlV/cuXrWCoGF/TvdRiYS4znA0m5Il5idUwfxrE20bG/vU1Cr5e1AD6IEIjQ==

"@esbuild/darwin-arm64@0.19.3":
  version "0.19.3"
  resolved "https://registry.yarnpkg.com/@esbuild/darwin-arm64/-/darwin-arm64-0.19.3.tgz#2e0db5ad26313c7f420f2cd76d9d263fc49cb549"
  integrity sha512-kw7e3FXU+VsJSSSl2nMKvACYlwtvZB8RUIeVShIEY6PVnuZ3c9+L9lWB2nWeeKWNNYDdtL19foCQ0ZyUL7nqGw==

"@esbuild/darwin-x64@0.19.3":
  version "0.19.3"
  resolved "https://registry.yarnpkg.com/@esbuild/darwin-x64/-/darwin-x64-0.19.3.tgz#ebe99f35049180023bb37999bddbe306b076a484"
  integrity sha512-tPfZiwF9rO0jW6Jh9ipi58N5ZLoSjdxXeSrAYypy4psA2Yl1dAMhM71KxVfmjZhJmxRjSnb29YlRXXhh3GqzYw==

"@esbuild/freebsd-arm64@0.19.3":
  version "0.19.3"
  resolved "https://registry.yarnpkg.com/@esbuild/freebsd-arm64/-/freebsd-arm64-0.19.3.tgz#cf8b58ba5173440ea6124a3d0278bfe4ce181c20"
  integrity sha512-ERDyjOgYeKe0Vrlr1iLrqTByB026YLPzTytDTz1DRCYM+JI92Dw2dbpRHYmdqn6VBnQ9Bor6J8ZlNwdZdxjlSg==

"@esbuild/freebsd-x64@0.19.3":
  version "0.19.3"
  resolved "https://registry.yarnpkg.com/@esbuild/freebsd-x64/-/freebsd-x64-0.19.3.tgz#3f283099810ef1b8468cd1a9400c042e3f12e2a7"
  integrity sha512-nXesBZ2Ad1qL+Rm3crN7NmEVJ5uvfLFPLJev3x1j3feCQXfAhoYrojC681RhpdOph8NsvKBBwpYZHR7W0ifTTA==

"@esbuild/linux-arm64@0.19.3":
  version "0.19.3"
  resolved "https://registry.yarnpkg.com/@esbuild/linux-arm64/-/linux-arm64-0.19.3.tgz#a8b3aa69653ac504a51aa73739fb06de3a04d1ff"
  integrity sha512-qXvYKmXj8GcJgWq3aGvxL/JG1ZM3UR272SdPU4QSTzD0eymrM7leiZH77pvY3UetCy0k1xuXZ+VPvoJNdtrsWQ==

"@esbuild/linux-arm@0.19.3":
  version "0.19.3"
  resolved "https://registry.yarnpkg.com/@esbuild/linux-arm/-/linux-arm-0.19.3.tgz#ff6a2f68d4fc3ab46f614bca667a1a81ed6eea26"
  integrity sha512-zr48Cg/8zkzZCzDHNxXO/89bf9e+r4HtzNUPoz4GmgAkF1gFAFmfgOdCbR8zMbzFDGb1FqBBhdXUpcTQRYS1cQ==

"@esbuild/linux-ia32@0.19.3":
  version "0.19.3"
  resolved "https://registry.yarnpkg.com/@esbuild/linux-ia32/-/linux-ia32-0.19.3.tgz#5813baf70e406304e8931b200e39d0293b488073"
  integrity sha512-7XlCKCA0nWcbvYpusARWkFjRQNWNGlt45S+Q18UeS///K6Aw8bB2FKYe9mhVWy/XLShvCweOLZPrnMswIaDXQA==

"@esbuild/linux-loong64@0.19.3":
  version "0.19.3"
  resolved "https://registry.yarnpkg.com/@esbuild/linux-loong64/-/linux-loong64-0.19.3.tgz#21110f29b5e31dc865c7253fde8a2003f7e8b6fd"
  integrity sha512-qGTgjweER5xqweiWtUIDl9OKz338EQqCwbS9c2Bh5jgEH19xQ1yhgGPNesugmDFq+UUSDtWgZ264st26b3de8A==

"@esbuild/linux-mips64el@0.19.3":
  version "0.19.3"
  resolved "https://registry.yarnpkg.com/@esbuild/linux-mips64el/-/linux-mips64el-0.19.3.tgz#4530fc416651eadeb1acc27003c00eac769eb8fd"
  integrity sha512-gy1bFskwEyxVMFRNYSvBauDIWNggD6pyxUksc0MV9UOBD138dKTzr8XnM2R4mBsHwVzeuIH8X5JhmNs2Pzrx+A==

"@esbuild/linux-ppc64@0.19.3":
  version "0.19.3"
  resolved "https://registry.yarnpkg.com/@esbuild/linux-ppc64/-/linux-ppc64-0.19.3.tgz#facf910b0d397e391b37b01a1b4f6e363b04e56b"
  integrity sha512-UrYLFu62x1MmmIe85rpR3qou92wB9lEXluwMB/STDzPF9k8mi/9UvNsG07Tt9AqwPQXluMQ6bZbTzYt01+Ue5g==

"@esbuild/linux-riscv64@0.19.3":
  version "0.19.3"
  resolved "https://registry.yarnpkg.com/@esbuild/linux-riscv64/-/linux-riscv64-0.19.3.tgz#4a67abe97a495430d5867340982f5424a64f2aac"
  integrity sha512-9E73TfyMCbE+1AwFOg3glnzZ5fBAFK4aawssvuMgCRqCYzE0ylVxxzjEfut8xjmKkR320BEoMui4o/t9KA96gA==

"@esbuild/linux-s390x@0.19.3":
  version "0.19.3"
  resolved "https://registry.yarnpkg.com/@esbuild/linux-s390x/-/linux-s390x-0.19.3.tgz#c5fb47474b9f816d81876c119dbccadf671cc5f6"
  integrity sha512-LlmsbuBdm1/D66TJ3HW6URY8wO6IlYHf+ChOUz8SUAjVTuaisfuwCOAgcxo3Zsu3BZGxmI7yt//yGOxV+lHcEA==

"@esbuild/linux-x64@0.19.3":
  version "0.19.3"
  resolved "https://registry.yarnpkg.com/@esbuild/linux-x64/-/linux-x64-0.19.3.tgz#f22d659969ab78dc422f1df8d9a79bc1e7b12ee3"
  integrity sha512-ogV0+GwEmvwg/8ZbsyfkYGaLACBQWDvO0Kkh8LKBGKj9Ru8VM39zssrnu9Sxn1wbapA2qNS6BiLdwJZGouyCwQ==

"@esbuild/netbsd-x64@0.19.3":
  version "0.19.3"
  resolved "https://registry.yarnpkg.com/@esbuild/netbsd-x64/-/netbsd-x64-0.19.3.tgz#e9b046934996991f46b8c1cadac815aa45f84fd4"
  integrity sha512-o1jLNe4uzQv2DKXMlmEzf66Wd8MoIhLNO2nlQBHLtWyh2MitDG7sMpfCO3NTcoTMuqHjfufgUQDFRI5C+xsXQw==

"@esbuild/openbsd-x64@0.19.3":
  version "0.19.3"
  resolved "https://registry.yarnpkg.com/@esbuild/openbsd-x64/-/openbsd-x64-0.19.3.tgz#b287ef4841fc1067bbbd9a60549e8f9cf1b7ee3a"
  integrity sha512-AZJCnr5CZgZOdhouLcfRdnk9Zv6HbaBxjcyhq0StNcvAdVZJSKIdOiPB9az2zc06ywl0ePYJz60CjdKsQacp5Q==

"@esbuild/sunos-x64@0.19.3":
  version "0.19.3"
  resolved "https://registry.yarnpkg.com/@esbuild/sunos-x64/-/sunos-x64-0.19.3.tgz#b2b8ba7d27907c7245f6e57dc62f3b88693f84b0"
  integrity sha512-Acsujgeqg9InR4glTRvLKGZ+1HMtDm94ehTIHKhJjFpgVzZG9/pIcWW/HA/DoMfEyXmANLDuDZ2sNrWcjq1lxw==

"@esbuild/win32-arm64@0.19.3":
  version "0.19.3"
  resolved "https://registry.yarnpkg.com/@esbuild/win32-arm64/-/win32-arm64-0.19.3.tgz#1974c8c180c9add4962235662c569fcc4c8f43dd"
  integrity sha512-FSrAfjVVy7TifFgYgliiJOyYynhQmqgPj15pzLyJk8BUsnlWNwP/IAy6GAiB1LqtoivowRgidZsfpoYLZH586A==

"@esbuild/win32-ia32@0.19.3":
  version "0.19.3"
  resolved "https://registry.yarnpkg.com/@esbuild/win32-ia32/-/win32-ia32-0.19.3.tgz#b02cc2dd8b6aed042069680f01f45fdfd3de5bc4"
  integrity sha512-xTScXYi12xLOWZ/sc5RBmMN99BcXp/eEf7scUC0oeiRoiT5Vvo9AycuqCp+xdpDyAU+LkrCqEpUS9fCSZF8J3Q==

"@esbuild/win32-x64@0.19.3":
  version "0.19.3"
  resolved "https://registry.yarnpkg.com/@esbuild/win32-x64/-/win32-x64-0.19.3.tgz#e5036be529f757e58d9a7771f2f1b14782986a74"
  integrity sha512-FbUN+0ZRXsypPyWE2IwIkVjDkDnJoMJARWOcFZn4KPPli+QnKqF0z1anvfaYe3ev5HFCpRDLLBDHyOALLppWHw==

"@types/node@^20.6.4":
  version "20.6.4"
  resolved "https://registry.yarnpkg.com/@types/node/-/node-20.6.4.tgz#7882cb8b8adc3106c352dac9c02d4d3ebb95cf3e"
  integrity sha512-nU6d9MPY0NBUMiE/nXd2IIoC4OLvsLpwAjheoAeuzgvDZA1Cb10QYg+91AF6zQiKWRN5i1m07x6sMe0niBznoQ==

balanced-match@^1.0.0:
  version "1.0.2"
  resolved "https://registry.yarnpkg.com/balanced-match/-/balanced-match-1.0.2.tgz#e83e3a7e3f300b34cb9d87f615fa0cbf357690ee"
  integrity sha512-3oSeUO0TMV67hN1AmbXsK4yaqU7tjiHlbxRDZOpH0KW9+CeX4bRAaX0Anxt0tx2MrpRpWwQaPwIlISEJhYU5Pw==

brace-expansion@^1.1.7:
  version "1.1.11"
  resolved "https://registry.yarnpkg.com/brace-expansion/-/brace-expansion-1.1.11.tgz#3c7fcbf529d87226f3d2f52b966ff5271eb441dd"
  integrity sha512-iCuPHDFgrHX7H2vEI/5xpz07zSHB00TpugqhmYtVmMO6518mCuRMoOYFldEBl0g187ufozdaHgWKcYFb61qGiA==
  dependencies:
    balanced-match "^1.0.0"
    concat-map "0.0.1"

concat-map@0.0.1:
  version "0.0.1"
  resolved "https://registry.yarnpkg.com/concat-map/-/concat-map-0.0.1.tgz#d8a96bd77fd68df7793a73036a3ba0d5405d477b"
  integrity sha512-/Srv4dswyQNBfohGpz9o6Yb3Gz3SrUDqBH5rTuhGR7ahtlbYKnVxw2bCFMRljaA7EXHaXZ8wsHdodFvbkhKmqg==

cross-env@^7.0.3:
  version "7.0.3"
  resolved "https://registry.yarnpkg.com/cross-env/-/cross-env-7.0.3.tgz#865264b29677dc015ba8418918965dd232fc54cf"
  integrity sha512-+/HKd6EgcQCJGh2PSjZuUitQBQynKor4wrFbRg4DtAgS1aWO+gU52xpH7M9ScGgXSYmAVS9bIJ8EzuaGw0oNAw==
  dependencies:
    cross-spawn "^7.0.1"

cross-spawn@^7.0.1:
  version "7.0.3"
  resolved "https://registry.yarnpkg.com/cross-spawn/-/cross-spawn-7.0.3.tgz#f73a85b9d5d41d045551c177e2882d4ac85728a6"
  integrity sha512-iRDPJKUPVEND7dHPO8rkbOnPpyDygcDFtWjpeWNCgy8WP2rXcxXL8TskReQl6OrB2G7+UJrags1q15Fudc7G6w==
  dependencies:
    path-key "^3.1.0"
    shebang-command "^2.0.0"
    which "^2.0.1"

esbuild@^0.19.3:
  version "0.19.3"
  resolved "https://registry.yarnpkg.com/esbuild/-/esbuild-0.19.3.tgz#d9268cd23358eef9d76146f184e0c55ff8da7bb6"
  integrity sha512-UlJ1qUUA2jL2nNib1JTSkifQTcYTroFqRjwCFW4QYEKEsixXD5Tik9xML7zh2gTxkYTBKGHNH9y7txMwVyPbjw==
  optionalDependencies:
    "@esbuild/android-arm" "0.19.3"
    "@esbuild/android-arm64" "0.19.3"
    "@esbuild/android-x64" "0.19.3"
    "@esbuild/darwin-arm64" "0.19.3"
    "@esbuild/darwin-x64" "0.19.3"
    "@esbuild/freebsd-arm64" "0.19.3"
    "@esbuild/freebsd-x64" "0.19.3"
    "@esbuild/linux-arm" "0.19.3"
    "@esbuild/linux-arm64" "0.19.3"
    "@esbuild/linux-ia32" "0.19.3"
    "@esbuild/linux-loong64" "0.19.3"
    "@esbuild/linux-mips64el" "0.19.3"
    "@esbuild/linux-ppc64" "0.19.3"
    "@esbuild/linux-riscv64" "0.19.3"
    "@esbuild/linux-s390x" "0.19.3"
    "@esbuild/linux-x64" "0.19.3"
    "@esbuild/netbsd-x64" "0.19.3"
    "@esbuild/openbsd-x64" "0.19.3"
    "@esbuild/sunos-x64" "0.19.3"
    "@esbuild/win32-arm64" "0.19.3"
    "@esbuild/win32-ia32" "0.19.3"
    "@esbuild/win32-x64" "0.19.3"

fs.realpath@^1.0.0:
  version "1.0.0"
  resolved "https://registry.yarnpkg.com/fs.realpath/-/fs.realpath-1.0.0.tgz#1504ad2523158caa40db4a2787cb01411994ea4f"
  integrity sha512-OO0pH2lK6a0hZnAdau5ItzHPI6pUlvI7jMVnxUQRtw4owF2wk8lOSabtGDCTP4Ggrg2MbGnWO9X8K1t4+fGMDw==

glob@^7.1.3:
  version "7.2.3"
  resolved "https://registry.yarnpkg.com/glob/-/glob-7.2.3.tgz#b8df0fb802bbfa8e89bd1d938b4e16578ed44f2b"
  integrity sha512-nFR0zLpU2YCaRxwoCJvL6UvCH2JFyFVIvwTLsIf21AuHlMskA1hhTdk+LlYJtOlYt9v6dvszD2BGRqBL+iQK9Q==
  dependencies:
    fs.realpath "^1.0.0"
    inflight "^1.0.4"
    inherits "2"
    minimatch "^3.1.1"
    once "^1.3.0"
    path-is-absolute "^1.0.0"

inflight@^1.0.4:
  version "1.0.6"
  resolved "https://registry.yarnpkg.com/inflight/-/inflight-1.0.6.tgz#49bd6331d7d02d0c09bc910a1075ba8165b56df9"
  integrity sha512-k92I/b08q4wvFscXCLvqfsHCrjrF7yiXsQuIVvVE7N82W3+aqpzuUdBbfhWcy/FZR3/4IgflMgKLOsvPDrGCJA==
  dependencies:
    once "^1.3.0"
    wrappy "1"

inherits@2:
  version "2.0.4"
  resolved "https://registry.yarnpkg.com/inherits/-/inherits-2.0.4.tgz#0fa2c64f932917c3433a0ded55363aae37416b7c"
  integrity sha512-k/vGaX4/Yla3WzyMCvTQOXYeIHvqOKtnqBduzTHpzpQZzAskKMhZ2K+EnBiSM9zGSoIFeMpXKxa4dYeZIQqewQ==

isexe@^2.0.0:
  version "2.0.0"
  resolved "https://registry.yarnpkg.com/isexe/-/isexe-2.0.0.tgz#e8fbf374dc556ff8947a10dcb0572d633f2cfa10"
  integrity sha512-RHxMLp9lnKHGHRng9QFhRCMbYAcVpn69smSGcq3f36xjgVVWThj4qqLbTLlq7Ssj8B+fIQ1EuCEGI2lKsyQeIw==

minimatch@^3.1.1:
  version "3.1.2"
  resolved "https://registry.yarnpkg.com/minimatch/-/minimatch-3.1.2.tgz#19cd194bfd3e428f049a70817c038d89ab4be35b"
  integrity sha512-J7p63hRiAjw1NDEww1W7i37+ByIrOWO5XQQAzZ3VOcL0PNybwpfmV/N05zFAzwQ9USyEcX6t3UO+K5aqBQOIHw==
  dependencies:
    brace-expansion "^1.1.7"

once@^1.3.0:
  version "1.4.0"
  resolved "https://registry.yarnpkg.com/once/-/once-1.4.0.tgz#583b1aa775961d4b113ac17d9c50baef9dd76bd1"
  integrity sha512-lNaJgI+2Q5URQBkccEKHTQOPaXdUxnZZElQTZY0MFUAuaEqe1E+Nyvgdz/aIyNi6Z9MzO5dv1H8n58/GELp3+w==
  dependencies:
    wrappy "1"

path-is-absolute@^1.0.0:
  version "1.0.1"
  resolved "https://registry.yarnpkg.com/path-is-absolute/-/path-is-absolute-1.0.1.tgz#174b9268735534ffbc7ace6bf53a5a9e1b5c5f5f"
  integrity sha512-AVbw3UJ2e9bq64vSaS9Am0fje1Pa8pbGqTTsmXfaIiMpnr5DlDhfJOuLj9Sf95ZPVDAUerDfEk88MPmPe7UCQg==

path-key@^3.1.0:
  version "3.1.1"
  resolved "https://registry.yarnpkg.com/path-key/-/path-key-3.1.1.tgz#581f6ade658cbba65a0d3380de7753295054f375"
  integrity sha512-ojmeN0qd+y0jszEtoY48r0Peq5dwMEkIlCOu6Q5f41lfkswXuKtYrhgoTpLnyIcHm24Uhqx+5Tqm2InSwLhE6Q==

rimraf@^3.0.2:
  version "3.0.2"
  resolved "https://registry.yarnpkg.com/rimraf/-/rimraf-3.0.2.tgz#f1a5402ba6220ad52cc1282bac1ae3aa49fd061a"
  integrity sha512-JZkJMZkAGFFPP2YqXZXPbMlMBgsxzE8ILs4lMIX/2o0L9UBw9O/Y3o6wFw/i9YLapcUJWwqbi3kdxIPdC62TIA==
  dependencies:
    glob "^7.1.3"

shebang-command@^2.0.0:
  version "2.0.0"
  resolved "https://registry.yarnpkg.com/shebang-command/-/shebang-command-2.0.0.tgz#ccd0af4f8835fbdc265b82461aaf0c36663f34ea"
  integrity sha512-kHxr2zZpYtdmrN1qDjrrX/Z1rR1kG8Dx+gkpK1G4eXmvXswmcE1hTWBWYUzlraYw1/yZp6YuDY77YtvbN0dmDA==
  dependencies:
    shebang-regex "^3.0.0"

shebang-regex@^3.0.0:
  version "3.0.0"
  resolved "https://registry.yarnpkg.com/shebang-regex/-/shebang-regex-3.0.0.tgz#ae16f1644d873ecad843b0307b143362d4c42172"
  integrity sha512-7++dFhtcx3353uBaq8DDR4NuxBetBzC7ZQOhmTQInHEd6bSrXdiEyzCvG07Z44UYdLShWUyXt5M/yhz8ekcb1A==

typescript@^5.2.2:
  version "5.2.2"
  resolved "https://registry.yarnpkg.com/typescript/-/typescript-5.2.2.tgz#5ebb5e5a5b75f085f22bc3f8460fba308310fa78"
  integrity sha512-mI4WrpHsbCIcwT9cF4FZvr80QUeKvsUsUvKDoR+X/7XHQH98xYD8YHZg7ANtz2GtZt/CBq2QJ0thkGJMHfqc1w==

which@^2.0.1:
  version "2.0.2"
  resolved "https://registry.yarnpkg.com/which/-/which-2.0.2.tgz#7c6a8dd0a636a0327e10b59c9286eee93f3f51b1"
  integrity sha512-BLI3Tl1TW3Pvl70l3yq3Y64i+awpwXqsGBYWkkqMtnbXgrMD+yj7rhW0kuEDxzJaYXGjEW5ogapKNMEKNMjibA==
  dependencies:
    isexe "^2.0.0"

wrappy@1:
  version "1.0.2"
  resolved "https://registry.yarnpkg.com/wrappy/-/wrappy-1.0.2.tgz#b5243d8f3ec1aa35f1364605bc0d1036e30ab69f"
  integrity sha512-l4Sp/DRseor9wL6EvV2+TuQn63dMkPjZ/sp9XkghTEbV9KlPS1xUsZ3u7/IQO4wxtcFB4bgpQPRcR3QCvezPcQ==
